
Microsoft Visual Studio Solution File, Format Version 11.00
# Visual Studio 2010
Project("{FAE04EC0-301F-11D3-BF4B-00C04F79EFBC}") = "SteamVR", "SteamVR.csproj", "{66A34CFD-C591-4B09-8BB0-CA8AA52A3337}"
EndProject
Project("{FAE04EC0-301F-11D3-BF4B-00C04F79EFBC}") = "Assembly-CSharp", "Assembly-CSharp.csproj", "{1C0FFC90-44B9-0E38-14AA-7F18D111707A}"
EndProject
Project("{FAE04EC0-301F-11D3-BF4B-00C04F79EFBC}") = "SteamVR_Actions", "SteamVR_Actions.csproj", "{9FB4F7ED-8BE9-C489-E8F4-3D0522C739B9}"
EndProject
Project("{FAE04EC0-301F-11D3-BF4B-00C04F79EFBC}") = "SteamVR_Editor", "SteamVR_Editor.csproj", "{D6640F35-0263-09DE-E035-CB52AF6D695D}"
EndProject
Project("{FAE04EC0-301F-11D3-BF4B-00C04F79EFBC}") = "SteamVR_Input_Editor", "SteamVR_Input_Editor.csproj", "{4C72D1E8-81E3-DC38-F325-C4E0F731D676}"
EndProject
Project("{FAE04EC0-301F-11D3-BF4B-00C04F79EFBC}") = "SteamVR_Windows_EditorHelper", "SteamVR_Windows_EditorHelper.csproj", "{168D2611-9BD5-A657-F40C-51A839389524}"
EndProject
Global
	GlobalSection(SolutionConfigurationPlatforms) = preSolution
		Debug|Any CPU = Debug|Any CPU
		Release|Any CPU = Release|Any CPU
	EndGlobalSection
	GlobalSection(ProjectConfigurationPlatforms) = postSolution
		{66A34CFD-C591-4B09-8BB0-CA8AA52A3337}.Debug|Any CPU.ActiveCfg = Debug|Any CPU
		{66A34CFD-C591-4B09-8BB0-CA8AA52A3337}.Debug|Any CPU.Build.0 = Debug|Any CPU
		{66A34CFD-C591-4B09-8BB0-CA8AA52A3337}.Release|Any CPU.ActiveCfg = Release|Any CPU
		{66A34CFD-C591-4B09-8BB0-CA8AA52A3337}.Release|Any CPU.Build.0 = Release|Any CPU
		{1C0FFC90-44B9-0E38-14AA-7F18D111707A}.Debug|Any CPU.ActiveCfg = Debug|Any CPU
		{1C0FFC90-44B9-0E38-14AA-7F18D111707A}.Debug|Any CPU.Build.0 = Debug|Any CPU
		{1C0FFC90-44B9-0E38-14AA-7F18D111707A}.Release|Any CPU.ActiveCfg = Release|Any CPU
		{1C0FFC90-44B9-0E38-14AA-7F18D111707A}.Release|Any CPU.Build.0 = Release|Any CPU
		{9FB4F7ED-8BE9-C489-E8F4-3D0522C739B9}.Debug|Any CPU.ActiveCfg = Debug|Any CPU
		{9FB4F7ED-8BE9-C489-E8F4-3D0522C739B9}.Debug|Any CPU.Build.0 = Debug|Any CPU
		{9FB4F7ED-8BE9-C489-E8F4-3D0522C739B9}.Release|Any CPU.ActiveCfg = Release|Any CPU
		{9FB4F7ED-8BE9-C489-E8F4-3D0522C739B9}.Release|Any CPU.Build.0 = Release|Any CPU
		{D6640F35-0263-09DE-E035-CB52AF6D695D}.Debug|Any CPU.ActiveCfg = Debug|Any CPU
		{D6640F35-0263-09DE-E035-CB52AF6D695D}.Debug|Any CPU.Build.0 = Debug|Any CPU
		{D6640F35-0263-09DE-E035-CB52AF6D695D}.Release|Any CPU.ActiveCfg = Release|Any CPU
		{D6640F35-0263-09DE-E035-CB52AF6D695D}.Release|Any CPU.Build.0 = Release|Any CPU
		{4C72D1E8-81E3-DC38-F325-C4E0F731D676}.Debug|Any CPU.ActiveCfg = Debug|Any CPU
		{4C72D1E8-81E3-DC38-F325-C4E0F731D676}.Debug|Any CPU.Build.0 = Debug|Any CPU
		{4C72D1E8-81E3-DC38-F325-C4E0F731D676}.Release|Any CPU.ActiveCfg = Release|Any CPU
		{4C72D1E8-81E3-DC38-F325-C4E0F731D676}.Release|Any CPU.Build.0 = Release|Any CPU
		{168D2611-9BD5-A657-F40C-51A839389524}.Debug|Any CPU.ActiveCfg = Debug|Any CPU
		{168D2611-9BD5-A657-F40C-51A839389524}.Debug|Any CPU.Build.0 = Debug|Any CPU
		{168D2611-9BD5-A657-F40C-51A839389524}.Release|Any CPU.ActiveCfg = Release|Any CPU
		{168D2611-9BD5-A657-F40C-51A839389524}.Release|Any CPU.Build.0 = Release|Any CPU
	EndGlobalSection
	GlobalSection(SolutionProperties) = preSolution
		HideSolutionNode = FALSE
	EndGlobalSection
EndGlobal
